
Microsoft Visual Studio Solution File, Format Version 12.00
# Visual Studio Version 16
VisualStudioVersion = 16.0.33214.272
MinimumVisualStudioVersion = 10.0.40219.1
Project("{FAE04EC0-301F-11D3-BF4B-00C04F79EFBC}") = "led_control", "led_control\led_control.csproj", "{A38781C9-F9F7-4D21-BB9F-81F51F528851}"
EndProject
Global
	GlobalSection(SolutionConfigurationPlatforms) = preSolution
		Debug|Any CPU = Debug|Any CPU
		Release|Any CPU = Release|Any CPU
	EndGlobalSection
	GlobalSection(ProjectConfigurationPlatforms) = postSolution
		{A38781C9-F9F7-4D21-BB9F-81F51F528851}.Debug|Any CPU.ActiveCfg = Debug|Any CPU
		{A38781C9-F9F7-4D21-BB9F-81F51F528851}.Debug|Any CPU.Build.0 = Debug|Any CPU
		{A38781C9-F9F7-4D21-BB9F-81F51F528851}.Release|Any CPU.ActiveCfg = Release|Any CPU
		{A38781C9-F9F7-4D21-BB9F-81F51F528851}.Release|Any CPU.Build.0 = Release|Any CPU
	EndGlobalSection
	GlobalSection(SolutionProperties) = preSolution
		HideSolutionNode = FALSE
	EndGlobalSection
	GlobalSection(ExtensibilityGlobals) = postSolution
		SolutionGuid = {0A920DE5-0907-4984-A186-FD78861592C6}
	EndGlobalSection
EndGlobal
